
Microsoft Visual Studio Solution File, Format Version 12.00
# Visual Studio Version 17
VisualStudioVersion = 17.12.35527.113
MinimumVisualStudioVersion = 10.0.40219.1
Project("{2150E333-8FDC-42A3-9474-1A3956D46DE8}") = "Solution Items", "Solution Items", "{C69C987F-E124-47F5-8609-E49D47EE2788}"
	ProjectSection(SolutionItems) = preProject
		ApiDocBuilder\docfx.json = ApiDocBuilder\docfx.json
		LICENSE = LICENSE
		README.md = README.md
	EndProjectSection
EndProject
Project("{2150E333-8FDC-42A3-9474-1A3956D46DE8}") = "Examples", "Examples", "{C68DB211-E713-4265-A2F3-F573383C2C84}"
EndProject
Project("{2150E333-8FDC-42A3-9474-1A3956D46DE8}") = "Plugins", "Plugins", "{1137A0FF-E16A-4674-BA02-A0D41ADBAB58}"
EndProject
Project("{2150E333-8FDC-42A3-9474-1A3956D46DE8}") = "Dialogic", "Dialogic", "{44B3C5AB-8318-403C-A3E7-E64015BD7103}"
EndProject
Project("{2150E333-8FDC-42A3-9474-1A3956D46DE8}") = "Sip", "Sip", "{B01EB70E-DD70-47AA-8963-C7C6EA10EB28}"
EndProject
Project("{2150E333-8FDC-42A3-9474-1A3956D46DE8}") = "Analog", "Analog", "{6E938A2D-DFAC-498A-8421-E463F99EF2A7}"
EndProject
Project("{2150E333-8FDC-42A3-9474-1A3956D46DE8}") = "Simulator", "Simulator", "{B2B6752B-A0D6-4D0E-A41C-182DAC773F99}"
EndProject
Project("{9A19103F-16F7-4668-BE54-9A1E7A4F7556}") = "ivrToolkit.Plugin.Dialogic.Sip", "Plugins\Dialogic\Sip\ivrToolkit.Plugin.Dialogic.Sip\ivrToolkit.Plugin.Dialogic.Sip.csproj", "{E53830AA-EA2D-4FBC-983D-62349E308B7B}"
EndProject
Project("{9A19103F-16F7-4668-BE54-9A1E7A4F7556}") = "ivrToolkit.Core", "ivrToolkit.Core\ivrToolkit.Core.csproj", "{D87C2548-721B-482D-B3DD-C04D3206D57C}"
EndProject
Project("{9A19103F-16F7-4668-BE54-9A1E7A4F7556}") = "ivrToolkit.Plugin.Dialogic.Analog", "Plugins\Dialogic\Analog\ivrToolkit.Plugin.Dialogic.Analog\ivrToolkit.Plugin.Dialogic.Analog.csproj", "{B9BF6F63-4A3A-4D49-AB6A-8757158B8AB6}"
EndProject
Project("{9A19103F-16F7-4668-BE54-9A1E7A4F7556}") = "ivrToolkit.VirtualPhone", "ivrToolkit.VirtualPhone\ivrToolkit.VirtualPhone.csproj", "{99319B60-7959-4386-B24B-50467450D375}"
EndProject
Project("{9A19103F-16F7-4668-BE54-9A1E7A4F7556}") = "ivrToolkit.LineViewer", "ivrToolkit.LineViewer\ivrToolkit.LineViewer.csproj", "{91FE5729-412D-4B2D-9B33-069B4BB448C9}"
EndProject
Project("{9A19103F-16F7-4668-BE54-9A1E7A4F7556}") = "ivrToolkit.Plugin.Dialogic.Common", "Plugins\Dialogic\ivrToolkit.Plugin.Dialogic.Common\ivrToolkit.Plugin.Dialogic.Common.csproj", "{E0748466-4C26-43DE-8021-1BCDEA786572}"
EndProject
Project("{2150E333-8FDC-42A3-9474-1A3956D46DE8}") = "Unit.Tests", "Unit.Tests", "{71DEF086-181B-4E3A-9941-111FA291E6D8}"
EndProject
Project("{2150E333-8FDC-42A3-9474-1A3956D46DE8}") = "Tests", "Tests", "{9042AFE7-8249-4A73-85E0-3FCC1648B6DE}"
EndProject
Project("{9A19103F-16F7-4668-BE54-9A1E7A4F7556}") = "ivrToolkit.Core.Tests", "Tests\Unit.Tests\ivrToolkit.Core.Tests\ivrToolkit.Core.Tests.csproj", "{A5B92646-A00D-48C2-BE99-B3C2B59597CC}"
EndProject
Project("{FAE04EC0-301F-11D3-BF4B-00C04F79EFBC}") = "ivrToolkit.Plugin.SipSorcery", "Plugins\SipSorcery\ivrToolkit.Plugin.SipSorcery\ivrToolkit.Plugin.SipSorcery.csproj", "{0BF454B1-4D9C-46B9-BFEE-E00D2A8928D6}"
EndProject
Project("{2150E333-8FDC-42A3-9474-1A3956D46DE8}") = "SipSorcery", "SipSorcery", "{9E44A18B-4B6E-45A9-B898-F7DBFAC4F13D}"
EndProject
Project("{2150E333-8FDC-42A3-9474-1A3956D46DE8}") = "SipSorcery", "SipSorcery", "{CE489DF0-06A2-4D32-A92D-00CB4639B813}"
EndProject
Project("{FAE04EC0-301F-11D3-BF4B-00C04F79EFBC}") = "SimpleOutbound", "Examples\SipSorcery\SimpleOutbound\SimpleOutbound.csproj", "{4CA73526-69AF-416B-888E-61BDB1671F1A}"
EndProject
Project("{2150E333-8FDC-42A3-9474-1A3956D46DE8}") = "DialogicSip", "DialogicSip", "{7EC2FD6B-9C14-48D7-9EBA-96A18C80DCD7}"
EndProject
Project("{FAE04EC0-301F-11D3-BF4B-00C04F79EFBC}") = "SipOutTest", "Examples\DialogicSip\SipOutTest\SipOutTest.csproj", "{418A6B1A-084B-4319-90A2-EDAF82591697}"
EndProject
Project("{FAE04EC0-301F-11D3-BF4B-00C04F79EFBC}") = "RecordToFile", "Examples\SipSorcery\RecordToFile\RecordToFile.csproj", "{24DA0653-6053-4A68-AAD2-F7E623580393}"
EndProject
Global
	GlobalSection(SolutionConfigurationPlatforms) = preSolution
		Debug|Any CPU = Debug|Any CPU
		Debug|Mixed Platforms = Debug|Mixed Platforms
		Debug|Win32 = Debug|Win32
		Debug|x86 = Debug|x86
		Release|Any CPU = Release|Any CPU
		Release|Mixed Platforms = Release|Mixed Platforms
		Release|Win32 = Release|Win32
		Release|x86 = Release|x86
	EndGlobalSection
	GlobalSection(ProjectConfigurationPlatforms) = postSolution
		{E53830AA-EA2D-4FBC-983D-62349E308B7B}.Debug|Any CPU.ActiveCfg = Debug|Any CPU
		{E53830AA-EA2D-4FBC-983D-62349E308B7B}.Debug|Any CPU.Build.0 = Debug|Any CPU
		{E53830AA-EA2D-4FBC-983D-62349E308B7B}.Debug|Mixed Platforms.ActiveCfg = Debug|Any CPU
		{E53830AA-EA2D-4FBC-983D-62349E308B7B}.Debug|Mixed Platforms.Build.0 = Debug|Any CPU
		{E53830AA-EA2D-4FBC-983D-62349E308B7B}.Debug|Win32.ActiveCfg = Debug|Any CPU
		{E53830AA-EA2D-4FBC-983D-62349E308B7B}.Debug|Win32.Build.0 = Debug|Any CPU
		{E53830AA-EA2D-4FBC-983D-62349E308B7B}.Debug|x86.ActiveCfg = Debug|Any CPU
		{E53830AA-EA2D-4FBC-983D-62349E308B7B}.Debug|x86.Build.0 = Debug|Any CPU
		{E53830AA-EA2D-4FBC-983D-62349E308B7B}.Release|Any CPU.ActiveCfg = Release|Any CPU
		{E53830AA-EA2D-4FBC-983D-62349E308B7B}.Release|Any CPU.Build.0 = Release|Any CPU
		{E53830AA-EA2D-4FBC-983D-62349E308B7B}.Release|Mixed Platforms.ActiveCfg = Release|Any CPU
		{E53830AA-EA2D-4FBC-983D-62349E308B7B}.Release|Mixed Platforms.Build.0 = Release|Any CPU
		{E53830AA-EA2D-4FBC-983D-62349E308B7B}.Release|Win32.ActiveCfg = Release|Any CPU
		{E53830AA-EA2D-4FBC-983D-62349E308B7B}.Release|Win32.Build.0 = Release|Any CPU
		{E53830AA-EA2D-4FBC-983D-62349E308B7B}.Release|x86.ActiveCfg = Release|Any CPU
		{E53830AA-EA2D-4FBC-983D-62349E308B7B}.Release|x86.Build.0 = Release|Any CPU
		{D87C2548-721B-482D-B3DD-C04D3206D57C}.Debug|Any CPU.ActiveCfg = Debug|Any CPU
		{D87C2548-721B-482D-B3DD-C04D3206D57C}.Debug|Any CPU.Build.0 = Debug|Any CPU
		{D87C2548-721B-482D-B3DD-C04D3206D57C}.Debug|Mixed Platforms.ActiveCfg = Debug|Any CPU
		{D87C2548-721B-482D-B3DD-C04D3206D57C}.Debug|Mixed Platforms.Build.0 = Debug|Any CPU
		{D87C2548-721B-482D-B3DD-C04D3206D57C}.Debug|Win32.ActiveCfg = Debug|Any CPU
		{D87C2548-721B-482D-B3DD-C04D3206D57C}.Debug|Win32.Build.0 = Debug|Any CPU
		{D87C2548-721B-482D-B3DD-C04D3206D57C}.Debug|x86.ActiveCfg = Debug|Any CPU
		{D87C2548-721B-482D-B3DD-C04D3206D57C}.Debug|x86.Build.0 = Debug|Any CPU
		{D87C2548-721B-482D-B3DD-C04D3206D57C}.Release|Any CPU.ActiveCfg = Release|Any CPU
		{D87C2548-721B-482D-B3DD-C04D3206D57C}.Release|Any CPU.Build.0 = Release|Any CPU
		{D87C2548-721B-482D-B3DD-C04D3206D57C}.Release|Mixed Platforms.ActiveCfg = Release|Any CPU
		{D87C2548-721B-482D-B3DD-C04D3206D57C}.Release|Mixed Platforms.Build.0 = Release|Any CPU
		{D87C2548-721B-482D-B3DD-C04D3206D57C}.Release|Win32.ActiveCfg = Release|Any CPU
		{D87C2548-721B-482D-B3DD-C04D3206D57C}.Release|Win32.Build.0 = Release|Any CPU
		{D87C2548-721B-482D-B3DD-C04D3206D57C}.Release|x86.ActiveCfg = Release|Any CPU
		{D87C2548-721B-482D-B3DD-C04D3206D57C}.Release|x86.Build.0 = Release|Any CPU
		{B9BF6F63-4A3A-4D49-AB6A-8757158B8AB6}.Debug|Any CPU.ActiveCfg = Debug|Any CPU
		{B9BF6F63-4A3A-4D49-AB6A-8757158B8AB6}.Debug|Any CPU.Build.0 = Debug|Any CPU
		{B9BF6F63-4A3A-4D49-AB6A-8757158B8AB6}.Debug|Mixed Platforms.ActiveCfg = Debug|Any CPU
		{B9BF6F63-4A3A-4D49-AB6A-8757158B8AB6}.Debug|Mixed Platforms.Build.0 = Debug|Any CPU
		{B9BF6F63-4A3A-4D49-AB6A-8757158B8AB6}.Debug|Win32.ActiveCfg = Debug|Any CPU
		{B9BF6F63-4A3A-4D49-AB6A-8757158B8AB6}.Debug|Win32.Build.0 = Debug|Any CPU
		{B9BF6F63-4A3A-4D49-AB6A-8757158B8AB6}.Debug|x86.ActiveCfg = Debug|Any CPU
		{B9BF6F63-4A3A-4D49-AB6A-8757158B8AB6}.Debug|x86.Build.0 = Debug|Any CPU
		{B9BF6F63-4A3A-4D49-AB6A-8757158B8AB6}.Release|Any CPU.ActiveCfg = Release|Any CPU
		{B9BF6F63-4A3A-4D49-AB6A-8757158B8AB6}.Release|Any CPU.Build.0 = Release|Any CPU
		{B9BF6F63-4A3A-4D49-AB6A-8757158B8AB6}.Release|Mixed Platforms.ActiveCfg = Release|Any CPU
		{B9BF6F63-4A3A-4D49-AB6A-8757158B8AB6}.Release|Mixed Platforms.Build.0 = Release|Any CPU
		{B9BF6F63-4A3A-4D49-AB6A-8757158B8AB6}.Release|Win32.ActiveCfg = Release|Any CPU
		{B9BF6F63-4A3A-4D49-AB6A-8757158B8AB6}.Release|Win32.Build.0 = Release|Any CPU
		{B9BF6F63-4A3A-4D49-AB6A-8757158B8AB6}.Release|x86.ActiveCfg = Release|Any CPU
		{B9BF6F63-4A3A-4D49-AB6A-8757158B8AB6}.Release|x86.Build.0 = Release|Any CPU
		{99319B60-7959-4386-B24B-50467450D375}.Debug|Any CPU.ActiveCfg = Debug|Any CPU
		{99319B60-7959-4386-B24B-50467450D375}.Debug|Any CPU.Build.0 = Debug|Any CPU
		{99319B60-7959-4386-B24B-50467450D375}.Debug|Mixed Platforms.ActiveCfg = Debug|Any CPU
		{99319B60-7959-4386-B24B-50467450D375}.Debug|Mixed Platforms.Build.0 = Debug|Any CPU
		{99319B60-7959-4386-B24B-50467450D375}.Debug|Win32.ActiveCfg = Debug|Any CPU
		{99319B60-7959-4386-B24B-50467450D375}.Debug|Win32.Build.0 = Debug|Any CPU
		{99319B60-7959-4386-B24B-50467450D375}.Debug|x86.ActiveCfg = Debug|Any CPU
		{99319B60-7959-4386-B24B-50467450D375}.Debug|x86.Build.0 = Debug|Any CPU
		{99319B60-7959-4386-B24B-50467450D375}.Release|Any CPU.ActiveCfg = Release|Any CPU
		{99319B60-7959-4386-B24B-50467450D375}.Release|Any CPU.Build.0 = Release|Any CPU
		{99319B60-7959-4386-B24B-50467450D375}.Release|Mixed Platforms.ActiveCfg = Release|Any CPU
		{99319B60-7959-4386-B24B-50467450D375}.Release|Mixed Platforms.Build.0 = Release|Any CPU
		{99319B60-7959-4386-B24B-50467450D375}.Release|Win32.ActiveCfg = Release|Any CPU
		{99319B60-7959-4386-B24B-50467450D375}.Release|Win32.Build.0 = Release|Any CPU
		{99319B60-7959-4386-B24B-50467450D375}.Release|x86.ActiveCfg = Release|Any CPU
		{99319B60-7959-4386-B24B-50467450D375}.Release|x86.Build.0 = Release|Any CPU
		{91FE5729-412D-4B2D-9B33-069B4BB448C9}.Debug|Any CPU.ActiveCfg = Debug|Any CPU
		{91FE5729-412D-4B2D-9B33-069B4BB448C9}.Debug|Any CPU.Build.0 = Debug|Any CPU
		{91FE5729-412D-4B2D-9B33-069B4BB448C9}.Debug|Mixed Platforms.ActiveCfg = Debug|Any CPU
		{91FE5729-412D-4B2D-9B33-069B4BB448C9}.Debug|Mixed Platforms.Build.0 = Debug|Any CPU
		{91FE5729-412D-4B2D-9B33-069B4BB448C9}.Debug|Win32.ActiveCfg = Debug|Any CPU
		{91FE5729-412D-4B2D-9B33-069B4BB448C9}.Debug|Win32.Build.0 = Debug|Any CPU
		{91FE5729-412D-4B2D-9B33-069B4BB448C9}.Debug|x86.ActiveCfg = Debug|Any CPU
		{91FE5729-412D-4B2D-9B33-069B4BB448C9}.Debug|x86.Build.0 = Debug|Any CPU
		{91FE5729-412D-4B2D-9B33-069B4BB448C9}.Release|Any CPU.ActiveCfg = Release|Any CPU
		{91FE5729-412D-4B2D-9B33-069B4BB448C9}.Release|Any CPU.Build.0 = Release|Any CPU
		{91FE5729-412D-4B2D-9B33-069B4BB448C9}.Release|Mixed Platforms.ActiveCfg = Release|Any CPU
		{91FE5729-412D-4B2D-9B33-069B4BB448C9}.Release|Mixed Platforms.Build.0 = Release|Any CPU
		{91FE5729-412D-4B2D-9B33-069B4BB448C9}.Release|Win32.ActiveCfg = Release|Any CPU
		{91FE5729-412D-4B2D-9B33-069B4BB448C9}.Release|Win32.Build.0 = Release|Any CPU
		{91FE5729-412D-4B2D-9B33-069B4BB448C9}.Release|x86.ActiveCfg = Release|Any CPU
		{91FE5729-412D-4B2D-9B33-069B4BB448C9}.Release|x86.Build.0 = Release|Any CPU
		{E0748466-4C26-43DE-8021-1BCDEA786572}.Debug|Any CPU.ActiveCfg = Debug|Any CPU
		{E0748466-4C26-43DE-8021-1BCDEA786572}.Debug|Any CPU.Build.0 = Debug|Any CPU
		{E0748466-4C26-43DE-8021-1BCDEA786572}.Debug|Mixed Platforms.ActiveCfg = Debug|Any CPU
		{E0748466-4C26-43DE-8021-1BCDEA786572}.Debug|Mixed Platforms.Build.0 = Debug|Any CPU
		{E0748466-4C26-43DE-8021-1BCDEA786572}.Debug|Win32.ActiveCfg = Debug|Any CPU
		{E0748466-4C26-43DE-8021-1BCDEA786572}.Debug|Win32.Build.0 = Debug|Any CPU
		{E0748466-4C26-43DE-8021-1BCDEA786572}.Debug|x86.ActiveCfg = Debug|Any CPU
		{E0748466-4C26-43DE-8021-1BCDEA786572}.Debug|x86.Build.0 = Debug|Any CPU
		{E0748466-4C26-43DE-8021-1BCDEA786572}.Release|Any CPU.ActiveCfg = Release|Any CPU
		{E0748466-4C26-43DE-8021-1BCDEA786572}.Release|Any CPU.Build.0 = Release|Any CPU
		{E0748466-4C26-43DE-8021-1BCDEA786572}.Release|Mixed Platforms.ActiveCfg = Release|Any CPU
		{E0748466-4C26-43DE-8021-1BCDEA786572}.Release|Mixed Platforms.Build.0 = Release|Any CPU
		{E0748466-4C26-43DE-8021-1BCDEA786572}.Release|Win32.ActiveCfg = Release|Any CPU
		{E0748466-4C26-43DE-8021-1BCDEA786572}.Release|Win32.Build.0 = Release|Any CPU
		{E0748466-4C26-43DE-8021-1BCDEA786572}.Release|x86.ActiveCfg = Release|Any CPU
		{E0748466-4C26-43DE-8021-1BCDEA786572}.Release|x86.Build.0 = Release|Any CPU
		{A5B92646-A00D-48C2-BE99-B3C2B59597CC}.Debug|Any CPU.ActiveCfg = Debug|Any CPU
		{A5B92646-A00D-48C2-BE99-B3C2B59597CC}.Debug|Any CPU.Build.0 = Debug|Any CPU
		{A5B92646-A00D-48C2-BE99-B3C2B59597CC}.Debug|Mixed Platforms.ActiveCfg = Debug|Any CPU
		{A5B92646-A00D-48C2-BE99-B3C2B59597CC}.Debug|Mixed Platforms.Build.0 = Debug|Any CPU
		{A5B92646-A00D-48C2-BE99-B3C2B59597CC}.Debug|Win32.ActiveCfg = Debug|Any CPU
		{A5B92646-A00D-48C2-BE99-B3C2B59597CC}.Debug|Win32.Build.0 = Debug|Any CPU
		{A5B92646-A00D-48C2-BE99-B3C2B59597CC}.Debug|x86.ActiveCfg = Debug|Any CPU
		{A5B92646-A00D-48C2-BE99-B3C2B59597CC}.Debug|x86.Build.0 = Debug|Any CPU
		{A5B92646-A00D-48C2-BE99-B3C2B59597CC}.Release|Any CPU.ActiveCfg = Release|Any CPU
		{A5B92646-A00D-48C2-BE99-B3C2B59597CC}.Release|Any CPU.Build.0 = Release|Any CPU
		{A5B92646-A00D-48C2-BE99-B3C2B59597CC}.Release|Mixed Platforms.ActiveCfg = Release|Any CPU
		{A5B92646-A00D-48C2-BE99-B3C2B59597CC}.Release|Mixed Platforms.Build.0 = Release|Any CPU
		{A5B92646-A00D-48C2-BE99-B3C2B59597CC}.Release|Win32.ActiveCfg = Release|Any CPU
		{A5B92646-A00D-48C2-BE99-B3C2B59597CC}.Release|Win32.Build.0 = Release|Any CPU
		{A5B92646-A00D-48C2-BE99-B3C2B59597CC}.Release|x86.ActiveCfg = Release|Any CPU
		{A5B92646-A00D-48C2-BE99-B3C2B59597CC}.Release|x86.Build.0 = Release|Any CPU
		{0BF454B1-4D9C-46B9-BFEE-E00D2A8928D6}.Debug|Any CPU.ActiveCfg = Debug|Any CPU
		{0BF454B1-4D9C-46B9-BFEE-E00D2A8928D6}.Debug|Any CPU.Build.0 = Debug|Any CPU
		{0BF454B1-4D9C-46B9-BFEE-E00D2A8928D6}.Debug|Mixed Platforms.ActiveCfg = Debug|Any CPU
		{0BF454B1-4D9C-46B9-BFEE-E00D2A8928D6}.Debug|Mixed Platforms.Build.0 = Debug|Any CPU
		{0BF454B1-4D9C-46B9-BFEE-E00D2A8928D6}.Debug|Win32.ActiveCfg = Debug|Any CPU
		{0BF454B1-4D9C-46B9-BFEE-E00D2A8928D6}.Debug|Win32.Build.0 = Debug|Any CPU
		{0BF454B1-4D9C-46B9-BFEE-E00D2A8928D6}.Debug|x86.ActiveCfg = Debug|Any CPU
		{0BF454B1-4D9C-46B9-BFEE-E00D2A8928D6}.Debug|x86.Build.0 = Debug|Any CPU
		{0BF454B1-4D9C-46B9-BFEE-E00D2A8928D6}.Release|Any CPU.ActiveCfg = Release|Any CPU
		{0BF454B1-4D9C-46B9-BFEE-E00D2A8928D6}.Release|Any CPU.Build.0 = Release|Any CPU
		{0BF454B1-4D9C-46B9-BFEE-E00D2A8928D6}.Release|Mixed Platforms.ActiveCfg = Release|Any CPU
		{0BF454B1-4D9C-46B9-BFEE-E00D2A8928D6}.Release|Mixed Platforms.Build.0 = Release|Any CPU
		{0BF454B1-4D9C-46B9-BFEE-E00D2A8928D6}.Release|Win32.ActiveCfg = Release|Any CPU
		{0BF454B1-4D9C-46B9-BFEE-E00D2A8928D6}.Release|Win32.Build.0 = Release|Any CPU
		{0BF454B1-4D9C-46B9-BFEE-E00D2A8928D6}.Release|x86.ActiveCfg = Release|Any CPU
		{0BF454B1-4D9C-46B9-BFEE-E00D2A8928D6}.Release|x86.Build.0 = Release|Any CPU
		{4CA73526-69AF-416B-888E-61BDB1671F1A}.Debug|Any CPU.ActiveCfg = Debug|Any CPU
		{4CA73526-69AF-416B-888E-61BDB1671F1A}.Debug|Any CPU.Build.0 = Debug|Any CPU
		{4CA73526-69AF-416B-888E-61BDB1671F1A}.Debug|Mixed Platforms.ActiveCfg = Debug|Any CPU
		{4CA73526-69AF-416B-888E-61BDB1671F1A}.Debug|Mixed Platforms.Build.0 = Debug|Any CPU
		{4CA73526-69AF-416B-888E-61BDB1671F1A}.Debug|Win32.ActiveCfg = Debug|Any CPU
		{4CA73526-69AF-416B-888E-61BDB1671F1A}.Debug|Win32.Build.0 = Debug|Any CPU
		{4CA73526-69AF-416B-888E-61BDB1671F1A}.Debug|x86.ActiveCfg = Debug|Any CPU
		{4CA73526-69AF-416B-888E-61BDB1671F1A}.Debug|x86.Build.0 = Debug|Any CPU
		{4CA73526-69AF-416B-888E-61BDB1671F1A}.Release|Any CPU.ActiveCfg = Release|Any CPU
		{4CA73526-69AF-416B-888E-61BDB1671F1A}.Release|Any CPU.Build.0 = Release|Any CPU
		{4CA73526-69AF-416B-888E-61BDB1671F1A}.Release|Mixed Platforms.ActiveCfg = Release|Any CPU
		{4CA73526-69AF-416B-888E-61BDB1671F1A}.Release|Mixed Platforms.Build.0 = Release|Any CPU
		{4CA73526-69AF-416B-888E-61BDB1671F1A}.Release|Win32.ActiveCfg = Release|Any CPU
		{4CA73526-69AF-416B-888E-61BDB1671F1A}.Release|Win32.Build.0 = Release|Any CPU
		{4CA73526-69AF-416B-888E-61BDB1671F1A}.Release|x86.ActiveCfg = Release|Any CPU
		{4CA73526-69AF-416B-888E-61BDB1671F1A}.Release|x86.Build.0 = Release|Any CPU
		{418A6B1A-084B-4319-90A2-EDAF82591697}.Debug|Any CPU.ActiveCfg = Debug|Any CPU
		{418A6B1A-084B-4319-90A2-EDAF82591697}.Debug|Any CPU.Build.0 = Debug|Any CPU
		{418A6B1A-084B-4319-90A2-EDAF82591697}.Debug|Mixed Platforms.ActiveCfg = Debug|Any CPU
		{418A6B1A-084B-4319-90A2-EDAF82591697}.Debug|Mixed Platforms.Build.0 = Debug|Any CPU
		{418A6B1A-084B-4319-90A2-EDAF82591697}.Debug|Win32.ActiveCfg = Debug|Any CPU
		{418A6B1A-084B-4319-90A2-EDAF82591697}.Debug|Win32.Build.0 = Debug|Any CPU
		{418A6B1A-084B-4319-90A2-EDAF82591697}.Debug|x86.ActiveCfg = Debug|Any CPU
		{418A6B1A-084B-4319-90A2-EDAF82591697}.Debug|x86.Build.0 = Debug|Any CPU
		{418A6B1A-084B-4319-90A2-EDAF82591697}.Release|Any CPU.ActiveCfg = Release|Any CPU
		{418A6B1A-084B-4319-90A2-EDAF82591697}.Release|Any CPU.Build.0 = Release|Any CPU
		{418A6B1A-084B-4319-90A2-EDAF82591697}.Release|Mixed Platforms.ActiveCfg = Release|Any CPU
		{418A6B1A-084B-4319-90A2-EDAF82591697}.Release|Mixed Platforms.Build.0 = Release|Any CPU
		{418A6B1A-084B-4319-90A2-EDAF82591697}.Release|Win32.ActiveCfg = Release|Any CPU
		{418A6B1A-084B-4319-90A2-EDAF82591697}.Release|Win32.Build.0 = Release|Any CPU
		{418A6B1A-084B-4319-90A2-EDAF82591697}.Release|x86.ActiveCfg = Release|Any CPU
		{418A6B1A-084B-4319-90A2-EDAF82591697}.Release|x86.Build.0 = Release|Any CPU
		{24DA0653-6053-4A68-AAD2-F7E623580393}.Debug|Any CPU.ActiveCfg = Debug|Any CPU
		{24DA0653-6053-4A68-AAD2-F7E623580393}.Debug|Any CPU.Build.0 = Debug|Any CPU
		{24DA0653-6053-4A68-AAD2-F7E623580393}.Debug|Mixed Platforms.ActiveCfg = Debug|Any CPU
		{24DA0653-6053-4A68-AAD2-F7E623580393}.Debug|Mixed Platforms.Build.0 = Debug|Any CPU
		{24DA0653-6053-4A68-AAD2-F7E623580393}.Debug|Win32.ActiveCfg = Debug|Any CPU
		{24DA0653-6053-4A68-AAD2-F7E623580393}.Debug|Win32.Build.0 = Debug|Any CPU
		{24DA0653-6053-4A68-AAD2-F7E623580393}.Debug|x86.ActiveCfg = Debug|Any CPU
		{24DA0653-6053-4A68-AAD2-F7E623580393}.Debug|x86.Build.0 = Debug|Any CPU
		{24DA0653-6053-4A68-AAD2-F7E623580393}.Release|Any CPU.ActiveCfg = Release|Any CPU
		{24DA0653-6053-4A68-AAD2-F7E623580393}.Release|Any CPU.Build.0 = Release|Any CPU
		{24DA0653-6053-4A68-AAD2-F7E623580393}.Release|Mixed Platforms.ActiveCfg = Release|Any CPU
		{24DA0653-6053-4A68-AAD2-F7E623580393}.Release|Mixed Platforms.Build.0 = Release|Any CPU
		{24DA0653-6053-4A68-AAD2-F7E623580393}.Release|Win32.ActiveCfg = Release|Any CPU
		{24DA0653-6053-4A68-AAD2-F7E623580393}.Release|Win32.Build.0 = Release|Any CPU
		{24DA0653-6053-4A68-AAD2-F7E623580393}.Release|x86.ActiveCfg = Release|Any CPU
		{24DA0653-6053-4A68-AAD2-F7E623580393}.Release|x86.Build.0 = Release|Any CPU
	EndGlobalSection
	GlobalSection(SolutionProperties) = preSolution
		HideSolutionNode = FALSE
	EndGlobalSection
	GlobalSection(NestedProjects) = preSolution
		{44B3C5AB-8318-403C-A3E7-E64015BD7103} = {1137A0FF-E16A-4674-BA02-A0D41ADBAB58}
		{B01EB70E-DD70-47AA-8963-C7C6EA10EB28} = {44B3C5AB-8318-403C-A3E7-E64015BD7103}
		{6E938A2D-DFAC-498A-8421-E463F99EF2A7} = {44B3C5AB-8318-403C-A3E7-E64015BD7103}
		{B2B6752B-A0D6-4D0E-A41C-182DAC773F99} = {1137A0FF-E16A-4674-BA02-A0D41ADBAB58}
		{E53830AA-EA2D-4FBC-983D-62349E308B7B} = {B01EB70E-DD70-47AA-8963-C7C6EA10EB28}
		{B9BF6F63-4A3A-4D49-AB6A-8757158B8AB6} = {6E938A2D-DFAC-498A-8421-E463F99EF2A7}
		{E0748466-4C26-43DE-8021-1BCDEA786572} = {44B3C5AB-8318-403C-A3E7-E64015BD7103}
		{71DEF086-181B-4E3A-9941-111FA291E6D8} = {9042AFE7-8249-4A73-85E0-3FCC1648B6DE}
		{A5B92646-A00D-48C2-BE99-B3C2B59597CC} = {71DEF086-181B-4E3A-9941-111FA291E6D8}
		{0BF454B1-4D9C-46B9-BFEE-E00D2A8928D6} = {9E44A18B-4B6E-45A9-B898-F7DBFAC4F13D}
		{9E44A18B-4B6E-45A9-B898-F7DBFAC4F13D} = {1137A0FF-E16A-4674-BA02-A0D41ADBAB58}
		{CE489DF0-06A2-4D32-A92D-00CB4639B813} = {C68DB211-E713-4265-A2F3-F573383C2C84}
		{4CA73526-69AF-416B-888E-61BDB1671F1A} = {CE489DF0-06A2-4D32-A92D-00CB4639B813}
		{7EC2FD6B-9C14-48D7-9EBA-96A18C80DCD7} = {C68DB211-E713-4265-A2F3-F573383C2C84}
		{418A6B1A-084B-4319-90A2-EDAF82591697} = {7EC2FD6B-9C14-48D7-9EBA-96A18C80DCD7}
		{24DA0653-6053-4A68-AAD2-F7E623580393} = {CE489DF0-06A2-4D32-A92D-00CB4639B813}
	EndGlobalSection
	GlobalSection(ExtensibilityGlobals) = postSolution
		SolutionGuid = {A5C71D1A-0ABE-437B-89FB-59EE74035D64}
	EndGlobalSection
EndGlobal
