
Microsoft Visual Studio Solution File, Format Version 10.00
# Visual Studio 2008
Project("{FAE04EC0-301F-11D3-BF4B-00C04F79EFBC}") = "Virtual Phone", "Virtual Phone.csproj", "{B98E1085-F4C1-40FE-9EE5-2BC8EDA3B3A3}"
EndProject
Project("{54435603-DBB4-11D2-8724-00A0C9A8B90C}") = "Installer", "Installer\Installer.vdproj", "{B27F8B78-D1D0-4661-938B-8DD79A6530AC}"
EndProject
Global
	GlobalSection(SolutionConfigurationPlatforms) = preSolution
		Debug|Any CPU = Debug|Any CPU
		Release|Any CPU = Release|Any CPU
	EndGlobalSection
	GlobalSection(ProjectConfigurationPlatforms) = postSolution
		{B98E1085-F4C1-40FE-9EE5-2BC8EDA3B3A3}.Debug|Any CPU.ActiveCfg = Debug|Any CPU
		{B98E1085-F4C1-40FE-9EE5-2BC8EDA3B3A3}.Debug|Any CPU.Build.0 = Debug|Any CPU
		{B98E1085-F4C1-40FE-9EE5-2BC8EDA3B3A3}.Release|Any CPU.ActiveCfg = Release|Any CPU
		{B98E1085-F4C1-40FE-9EE5-2BC8EDA3B3A3}.Release|Any CPU.Build.0 = Release|Any CPU
		{B27F8B78-D1D0-4661-938B-8DD79A6530AC}.Debug|Any CPU.ActiveCfg = Debug
		{B27F8B78-D1D0-4661-938B-8DD79A6530AC}.Release|Any CPU.ActiveCfg = Release
	EndGlobalSection
	GlobalSection(SolutionProperties) = preSolution
		HideSolutionNode = FALSE
	EndGlobalSection
EndGlobal
